
Microsoft Visual Studio Solution File, Format Version 12.00
# Visual Studio Version 16
VisualStudioVersion = 16.0.30517.126
MinimumVisualStudioVersion = 10.0.40219.1
Project("{FAE04EC0-301F-11D3-BF4B-00C04F79EFBC}") = "ResponsiPemrograman3347", "responsi\ResponsiPemrograman3347.csproj", "{3316262E-218A-49FB-85E6-0A3BF428F904}"
EndProject
Global
	GlobalSection(SolutionConfigurationPlatforms) = preSolution
		Debug|Any CPU = Debug|Any CPU
		Release|Any CPU = Release|Any CPU
	EndGlobalSection
	GlobalSection(ProjectConfigurationPlatforms) = postSolution
		{3316262E-218A-49FB-85E6-0A3BF428F904}.Debug|Any CPU.ActiveCfg = Debug|Any CPU
		{3316262E-218A-49FB-85E6-0A3BF428F904}.Debug|Any CPU.Build.0 = Debug|Any CPU
		{3316262E-218A-49FB-85E6-0A3BF428F904}.Release|Any CPU.ActiveCfg = Release|Any CPU
		{3316262E-218A-49FB-85E6-0A3BF428F904}.Release|Any CPU.Build.0 = Release|Any CPU
	EndGlobalSection
	GlobalSection(SolutionProperties) = preSolution
		HideSolutionNode = FALSE
	EndGlobalSection
	GlobalSection(ExtensibilityGlobals) = postSolution
		SolutionGuid = {D9FAF09B-D565-4914-840F-266836E50D7F}
	EndGlobalSection
EndGlobal
